
Microsoft Visual Studio Solution File, Format Version 12.00
# Visual Studio Version 17
VisualStudioVersion = 17.2.32602.215
MinimumVisualStudioVersion = 10.0.40219.1
Project("{FAE04EC0-301F-11D3-BF4B-00C04F79EFBC}") = "HotelChain", "HotelChain\HotelChain.csproj", "{F73E0A43-2614-455A-8C2B-F671D9053AAA}"
EndProject
Global
	GlobalSection(SolutionConfigurationPlatforms) = preSolution
		Debug|Any CPU = Debug|Any CPU
		Release|Any CPU = Release|Any CPU
	EndGlobalSection
	GlobalSection(ProjectConfigurationPlatforms) = postSolution
		{F73E0A43-2614-455A-8C2B-F671D9053AAA}.Debug|Any CPU.ActiveCfg = Debug|Any CPU
		{F73E0A43-2614-455A-8C2B-F671D9053AAA}.Debug|Any CPU.Build.0 = Debug|Any CPU
		{F73E0A43-2614-455A-8C2B-F671D9053AAA}.Release|Any CPU.ActiveCfg = Release|Any CPU
		{F73E0A43-2614-455A-8C2B-F671D9053AAA}.Release|Any CPU.Build.0 = Release|Any CPU
	EndGlobalSection
	GlobalSection(SolutionProperties) = preSolution
		HideSolutionNode = FALSE
	EndGlobalSection
	GlobalSection(ExtensibilityGlobals) = postSolution
		SolutionGuid = {EAB26834-B2EC-4FA2-AFA3-F0184A0D2F1D}
	EndGlobalSection
EndGlobal
